
Microsoft Visual Studio Solution File, Format Version 12.00
# Visual Studio Version 17
VisualStudioVersion = 17.5.33516.290
MinimumVisualStudioVersion = 10.0.40219.1
Project("{FAE04EC0-301F-11D3-BF4B-00C04F79EFBC}") = "decimal number", "decimal number\decimal number.csproj", "{7CCC341C-D465-4325-B2A3-FBC4CDB628BE}"
EndProject
Global
	GlobalSection(SolutionConfigurationPlatforms) = preSolution
		Debug|Any CPU = Debug|Any CPU
		Release|Any CPU = Release|Any CPU
	EndGlobalSection
	GlobalSection(ProjectConfigurationPlatforms) = postSolution
		{7CCC341C-D465-4325-B2A3-FBC4CDB628BE}.Debug|Any CPU.ActiveCfg = Debug|Any CPU
		{7CCC341C-D465-4325-B2A3-FBC4CDB628BE}.Debug|Any CPU.Build.0 = Debug|Any CPU
		{7CCC341C-D465-4325-B2A3-FBC4CDB628BE}.Release|Any CPU.ActiveCfg = Release|Any CPU
		{7CCC341C-D465-4325-B2A3-FBC4CDB628BE}.Release|Any CPU.Build.0 = Release|Any CPU
	EndGlobalSection
	GlobalSection(SolutionProperties) = preSolution
		HideSolutionNode = FALSE
	EndGlobalSection
	GlobalSection(ExtensibilityGlobals) = postSolution
		SolutionGuid = {1EDE58C7-4D96-4623-A1E9-935A047D3A81}
	EndGlobalSection
EndGlobal
