
Microsoft Visual Studio Solution File, Format Version 12.00
# Visual Studio Version 17
VisualStudioVersion = 17.5.33516.290
MinimumVisualStudioVersion = 10.0.40219.1
Project("{FAE04EC0-301F-11D3-BF4B-00C04F79EFBC}") = "muliples", "muliples\muliples.csproj", "{0853CB77-820B-42B2-A6B4-9D68DC62D037}"
EndProject
Global
	GlobalSection(SolutionConfigurationPlatforms) = preSolution
		Debug|Any CPU = Debug|Any CPU
		Release|Any CPU = Release|Any CPU
	EndGlobalSection
	GlobalSection(ProjectConfigurationPlatforms) = postSolution
		{0853CB77-820B-42B2-A6B4-9D68DC62D037}.Debug|Any CPU.ActiveCfg = Debug|Any CPU
		{0853CB77-820B-42B2-A6B4-9D68DC62D037}.Debug|Any CPU.Build.0 = Debug|Any CPU
		{0853CB77-820B-42B2-A6B4-9D68DC62D037}.Release|Any CPU.ActiveCfg = Release|Any CPU
		{0853CB77-820B-42B2-A6B4-9D68DC62D037}.Release|Any CPU.Build.0 = Release|Any CPU
	EndGlobalSection
	GlobalSection(SolutionProperties) = preSolution
		HideSolutionNode = FALSE
	EndGlobalSection
	GlobalSection(ExtensibilityGlobals) = postSolution
		SolutionGuid = {68D62DF3-2C4A-4A19-81F6-2D43DF8DAED7}
	EndGlobalSection
EndGlobal
