
Microsoft Visual Studio Solution File, Format Version 12.00
# Visual Studio Version 17
VisualStudioVersion = 17.5.33516.290
MinimumVisualStudioVersion = 10.0.40219.1
Project("{FAE04EC0-301F-11D3-BF4B-00C04F79EFBC}") = "acending sort", "acending sort\acending sort.csproj", "{7DD95577-24D9-43B7-8178-EE3B05AAD92D}"
EndProject
Global
	GlobalSection(SolutionConfigurationPlatforms) = preSolution
		Debug|Any CPU = Debug|Any CPU
		Release|Any CPU = Release|Any CPU
	EndGlobalSection
	GlobalSection(ProjectConfigurationPlatforms) = postSolution
		{7DD95577-24D9-43B7-8178-EE3B05AAD92D}.Debug|Any CPU.ActiveCfg = Debug|Any CPU
		{7DD95577-24D9-43B7-8178-EE3B05AAD92D}.Debug|Any CPU.Build.0 = Debug|Any CPU
		{7DD95577-24D9-43B7-8178-EE3B05AAD92D}.Release|Any CPU.ActiveCfg = Release|Any CPU
		{7DD95577-24D9-43B7-8178-EE3B05AAD92D}.Release|Any CPU.Build.0 = Release|Any CPU
	EndGlobalSection
	GlobalSection(SolutionProperties) = preSolution
		HideSolutionNode = FALSE
	EndGlobalSection
	GlobalSection(ExtensibilityGlobals) = postSolution
		SolutionGuid = {D19B0E05-181D-4473-AC35-388F2C27C743}
	EndGlobalSection
EndGlobal
