
Microsoft Visual Studio Solution File, Format Version 12.00
# Visual Studio Version 17
VisualStudioVersion = 17.5.33516.290
MinimumVisualStudioVersion = 10.0.40219.1
Project("{FAE04EC0-301F-11D3-BF4B-00C04F79EFBC}") = "MangoInfoApp", "MangoInfoApp\MangoInfoApp.csproj", "{D954A7D3-ECCB-4C89-9C13-BF7F22C9C658}"
EndProject
Global
	GlobalSection(SolutionConfigurationPlatforms) = preSolution
		Debug|Any CPU = Debug|Any CPU
		Release|Any CPU = Release|Any CPU
	EndGlobalSection
	GlobalSection(ProjectConfigurationPlatforms) = postSolution
		{D954A7D3-ECCB-4C89-9C13-BF7F22C9C658}.Debug|Any CPU.ActiveCfg = Debug|Any CPU
		{D954A7D3-ECCB-4C89-9C13-BF7F22C9C658}.Debug|Any CPU.Build.0 = Debug|Any CPU
		{D954A7D3-ECCB-4C89-9C13-BF7F22C9C658}.Release|Any CPU.ActiveCfg = Release|Any CPU
		{D954A7D3-ECCB-4C89-9C13-BF7F22C9C658}.Release|Any CPU.Build.0 = Release|Any CPU
	EndGlobalSection
	GlobalSection(SolutionProperties) = preSolution
		HideSolutionNode = FALSE
	EndGlobalSection
	GlobalSection(ExtensibilityGlobals) = postSolution
		SolutionGuid = {06B2E929-A88E-4CCA-9C0C-E55B714670F8}
	EndGlobalSection
EndGlobal
