
Microsoft Visual Studio Solution File, Format Version 12.00
# Visual Studio Version 17
VisualStudioVersion = 17.5.33516.290
MinimumVisualStudioVersion = 10.0.40219.1
Project("{FAE04EC0-301F-11D3-BF4B-00C04F79EFBC}") = "enitty framework code first", "enitty framework code first\enitty framework code first.csproj", "{29646D48-B860-4740-BD3C-871228828970}"
EndProject
Global
	GlobalSection(SolutionConfigurationPlatforms) = preSolution
		Debug|Any CPU = Debug|Any CPU
		Release|Any CPU = Release|Any CPU
	EndGlobalSection
	GlobalSection(ProjectConfigurationPlatforms) = postSolution
		{29646D48-B860-4740-BD3C-871228828970}.Debug|Any CPU.ActiveCfg = Debug|Any CPU
		{29646D48-B860-4740-BD3C-871228828970}.Debug|Any CPU.Build.0 = Debug|Any CPU
		{29646D48-B860-4740-BD3C-871228828970}.Release|Any CPU.ActiveCfg = Release|Any CPU
		{29646D48-B860-4740-BD3C-871228828970}.Release|Any CPU.Build.0 = Release|Any CPU
	EndGlobalSection
	GlobalSection(SolutionProperties) = preSolution
		HideSolutionNode = FALSE
	EndGlobalSection
	GlobalSection(ExtensibilityGlobals) = postSolution
		SolutionGuid = {6DE044F6-FA90-4052-AB7C-8D401D3B69AB}
	EndGlobalSection
EndGlobal
