
Microsoft Visual Studio Solution File, Format Version 12.00
# Visual Studio Version 17
VisualStudioVersion = 17.5.33516.290
MinimumVisualStudioVersion = 10.0.40219.1
Project("{FAE04EC0-301F-11D3-BF4B-00C04F79EFBC}") = "telephone", "telephone\telephone.csproj", "{BFA6D8FF-7B32-4B24-A9A9-66D0B3F8668D}"
EndProject
Global
	GlobalSection(SolutionConfigurationPlatforms) = preSolution
		Debug|Any CPU = Debug|Any CPU
		Release|Any CPU = Release|Any CPU
	EndGlobalSection
	GlobalSection(ProjectConfigurationPlatforms) = postSolution
		{BFA6D8FF-7B32-4B24-A9A9-66D0B3F8668D}.Debug|Any CPU.ActiveCfg = Debug|Any CPU
		{BFA6D8FF-7B32-4B24-A9A9-66D0B3F8668D}.Debug|Any CPU.Build.0 = Debug|Any CPU
		{BFA6D8FF-7B32-4B24-A9A9-66D0B3F8668D}.Release|Any CPU.ActiveCfg = Release|Any CPU
		{BFA6D8FF-7B32-4B24-A9A9-66D0B3F8668D}.Release|Any CPU.Build.0 = Release|Any CPU
	EndGlobalSection
	GlobalSection(SolutionProperties) = preSolution
		HideSolutionNode = FALSE
	EndGlobalSection
	GlobalSection(ExtensibilityGlobals) = postSolution
		SolutionGuid = {0C179EF4-76CB-45B9-9559-737A05C5D39C}
	EndGlobalSection
EndGlobal
