
Microsoft Visual Studio Solution File, Format Version 12.00
# Visual Studio Version 17
VisualStudioVersion = 17.5.33516.290
MinimumVisualStudioVersion = 10.0.40219.1
Project("{FAE04EC0-301F-11D3-BF4B-00C04F79EFBC}") = "polymorphism", "polymorphism\polymorphism.csproj", "{FEDA4889-19D4-4D38-BB29-623E39672ECD}"
EndProject
Global
	GlobalSection(SolutionConfigurationPlatforms) = preSolution
		Debug|Any CPU = Debug|Any CPU
		Release|Any CPU = Release|Any CPU
	EndGlobalSection
	GlobalSection(ProjectConfigurationPlatforms) = postSolution
		{FEDA4889-19D4-4D38-BB29-623E39672ECD}.Debug|Any CPU.ActiveCfg = Debug|Any CPU
		{FEDA4889-19D4-4D38-BB29-623E39672ECD}.Debug|Any CPU.Build.0 = Debug|Any CPU
		{FEDA4889-19D4-4D38-BB29-623E39672ECD}.Release|Any CPU.ActiveCfg = Release|Any CPU
		{FEDA4889-19D4-4D38-BB29-623E39672ECD}.Release|Any CPU.Build.0 = Release|Any CPU
	EndGlobalSection
	GlobalSection(SolutionProperties) = preSolution
		HideSolutionNode = FALSE
	EndGlobalSection
	GlobalSection(ExtensibilityGlobals) = postSolution
		SolutionGuid = {5DD1C657-7E05-4F7E-BFAE-7352932047FE}
	EndGlobalSection
EndGlobal
