
Microsoft Visual Studio Solution File, Format Version 12.00
# Visual Studio Version 17
VisualStudioVersion = 17.5.33516.290
MinimumVisualStudioVersion = 10.0.40219.1
Project("{FAE04EC0-301F-11D3-BF4B-00C04F79EFBC}") = "anuprblm", "anuprblm\anuprblm.csproj", "{122696D1-2573-4974-A32C-310F4C390AAB}"
EndProject
Global
	GlobalSection(SolutionConfigurationPlatforms) = preSolution
		Debug|Any CPU = Debug|Any CPU
		Release|Any CPU = Release|Any CPU
	EndGlobalSection
	GlobalSection(ProjectConfigurationPlatforms) = postSolution
		{122696D1-2573-4974-A32C-310F4C390AAB}.Debug|Any CPU.ActiveCfg = Debug|Any CPU
		{122696D1-2573-4974-A32C-310F4C390AAB}.Debug|Any CPU.Build.0 = Debug|Any CPU
		{122696D1-2573-4974-A32C-310F4C390AAB}.Release|Any CPU.ActiveCfg = Release|Any CPU
		{122696D1-2573-4974-A32C-310F4C390AAB}.Release|Any CPU.Build.0 = Release|Any CPU
	EndGlobalSection
	GlobalSection(SolutionProperties) = preSolution
		HideSolutionNode = FALSE
	EndGlobalSection
	GlobalSection(ExtensibilityGlobals) = postSolution
		SolutionGuid = {C929DC69-98D0-40E8-9938-619E39027B01}
	EndGlobalSection
EndGlobal
