
Microsoft Visual Studio Solution File, Format Version 12.00
# Visual Studio Version 17
VisualStudioVersion = 17.5.33516.290
MinimumVisualStudioVersion = 10.0.40219.1
Project("{FAE04EC0-301F-11D3-BF4B-00C04F79EFBC}") = "Mail", "Mail\Mail.csproj", "{61DE3E9F-54B1-40C2-9AB3-79CB5E9A97EB}"
EndProject
Global
	GlobalSection(SolutionConfigurationPlatforms) = preSolution
		Debug|Any CPU = Debug|Any CPU
		Release|Any CPU = Release|Any CPU
	EndGlobalSection
	GlobalSection(ProjectConfigurationPlatforms) = postSolution
		{61DE3E9F-54B1-40C2-9AB3-79CB5E9A97EB}.Debug|Any CPU.ActiveCfg = Debug|Any CPU
		{61DE3E9F-54B1-40C2-9AB3-79CB5E9A97EB}.Debug|Any CPU.Build.0 = Debug|Any CPU
		{61DE3E9F-54B1-40C2-9AB3-79CB5E9A97EB}.Release|Any CPU.ActiveCfg = Release|Any CPU
		{61DE3E9F-54B1-40C2-9AB3-79CB5E9A97EB}.Release|Any CPU.Build.0 = Release|Any CPU
	EndGlobalSection
	GlobalSection(SolutionProperties) = preSolution
		HideSolutionNode = FALSE
	EndGlobalSection
	GlobalSection(ExtensibilityGlobals) = postSolution
		SolutionGuid = {BC9B748E-09C4-47D4-9EF5-DD5FA5248DCD}
	EndGlobalSection
EndGlobal
