
Microsoft Visual Studio Solution File, Format Version 12.00
# Visual Studio Version 17
VisualStudioVersion = 17.5.33516.290
MinimumVisualStudioVersion = 10.0.40219.1
Project("{FAE04EC0-301F-11D3-BF4B-00C04F79EFBC}") = "WebApplicationselfdemo", "WebApplicationselfdemo\WebApplicationselfdemo.csproj", "{CCF4EE93-18E2-4F95-96FE-433B900F74BB}"
EndProject
Global
	GlobalSection(SolutionConfigurationPlatforms) = preSolution
		Debug|Any CPU = Debug|Any CPU
		Release|Any CPU = Release|Any CPU
	EndGlobalSection
	GlobalSection(ProjectConfigurationPlatforms) = postSolution
		{CCF4EE93-18E2-4F95-96FE-433B900F74BB}.Debug|Any CPU.ActiveCfg = Debug|Any CPU
		{CCF4EE93-18E2-4F95-96FE-433B900F74BB}.Debug|Any CPU.Build.0 = Debug|Any CPU
		{CCF4EE93-18E2-4F95-96FE-433B900F74BB}.Release|Any CPU.ActiveCfg = Release|Any CPU
		{CCF4EE93-18E2-4F95-96FE-433B900F74BB}.Release|Any CPU.Build.0 = Release|Any CPU
	EndGlobalSection
	GlobalSection(SolutionProperties) = preSolution
		HideSolutionNode = FALSE
	EndGlobalSection
	GlobalSection(ExtensibilityGlobals) = postSolution
		SolutionGuid = {7A119E6D-BFC4-4FD3-AF73-F19F05D8D988}
	EndGlobalSection
EndGlobal
