
Microsoft Visual Studio Solution File, Format Version 12.00
# Visual Studio Version 17
VisualStudioVersion = 17.5.33516.290
MinimumVisualStudioVersion = 10.0.40219.1
Project("{FAE04EC0-301F-11D3-BF4B-00C04F79EFBC}") = "mail2", "mail2\mail2.csproj", "{306F1A2A-D7A7-455B-BC40-BD7680B581FD}"
EndProject
Global
	GlobalSection(SolutionConfigurationPlatforms) = preSolution
		Debug|Any CPU = Debug|Any CPU
		Release|Any CPU = Release|Any CPU
	EndGlobalSection
	GlobalSection(ProjectConfigurationPlatforms) = postSolution
		{306F1A2A-D7A7-455B-BC40-BD7680B581FD}.Debug|Any CPU.ActiveCfg = Debug|Any CPU
		{306F1A2A-D7A7-455B-BC40-BD7680B581FD}.Debug|Any CPU.Build.0 = Debug|Any CPU
		{306F1A2A-D7A7-455B-BC40-BD7680B581FD}.Release|Any CPU.ActiveCfg = Release|Any CPU
		{306F1A2A-D7A7-455B-BC40-BD7680B581FD}.Release|Any CPU.Build.0 = Release|Any CPU
	EndGlobalSection
	GlobalSection(SolutionProperties) = preSolution
		HideSolutionNode = FALSE
	EndGlobalSection
	GlobalSection(ExtensibilityGlobals) = postSolution
		SolutionGuid = {1021442E-1346-48AE-A696-5B2FBB558D82}
	EndGlobalSection
EndGlobal
